
Microsoft Visual Studio Solution File, Format Version 12.00
# Visual Studio Version 16
VisualStudioVersion = 16.0.29728.190
MinimumVisualStudioVersion = 10.0.40219.1
Project("{F184B08F-C81C-45F6-A57F-5ABD9991F28F}") = "OceanaClinic", "OceanaClinic\OceanaClinic.vbproj", "{AD858FBC-C839-477E-BE6E-908820143FEF}"
EndProject
Global
	GlobalSection(SolutionConfigurationPlatforms) = preSolution
		Debug|Any CPU = Debug|Any CPU
		Release|Any CPU = Release|Any CPU
	EndGlobalSection
	GlobalSection(ProjectConfigurationPlatforms) = postSolution
		{AD858FBC-C839-477E-BE6E-908820143FEF}.Debug|Any CPU.ActiveCfg = Debug|Any CPU
		{AD858FBC-C839-477E-BE6E-908820143FEF}.Debug|Any CPU.Build.0 = Debug|Any CPU
		{AD858FBC-C839-477E-BE6E-908820143FEF}.Release|Any CPU.ActiveCfg = Release|Any CPU
		{AD858FBC-C839-477E-BE6E-908820143FEF}.Release|Any CPU.Build.0 = Release|Any CPU
	EndGlobalSection
	GlobalSection(SolutionProperties) = preSolution
		HideSolutionNode = FALSE
	EndGlobalSection
	GlobalSection(ExtensibilityGlobals) = postSolution
		SolutionGuid = {E966EA5E-41F4-4239-9662-735D830622AE}
	EndGlobalSection
EndGlobal
